
Microsoft Visual Studio Solution File, Format Version 12.00
# Visual Studio 15
VisualStudioVersion = 15.0.27130.2036
MinimumVisualStudioVersion = 10.0.40219.1
Project("{FAE04EC0-301F-11D3-BF4B-00C04F79EFBC}") = "TestTask", "TestTask\TestTask.csproj", "{5E77C5C4-C1FC-4D1F-B82B-1A78432274FC}"
EndProject
Global
	GlobalSection(SolutionConfigurationPlatforms) = preSolution
		Debug|Any CPU = Debug|Any CPU
		Release|Any CPU = Release|Any CPU
	EndGlobalSection
	GlobalSection(ProjectConfigurationPlatforms) = postSolution
		{5E77C5C4-C1FC-4D1F-B82B-1A78432274FC}.Debug|Any CPU.ActiveCfg = Debug|Any CPU
		{5E77C5C4-C1FC-4D1F-B82B-1A78432274FC}.Debug|Any CPU.Build.0 = Debug|Any CPU
		{5E77C5C4-C1FC-4D1F-B82B-1A78432274FC}.Release|Any CPU.ActiveCfg = Release|Any CPU
		{5E77C5C4-C1FC-4D1F-B82B-1A78432274FC}.Release|Any CPU.Build.0 = Release|Any CPU
	EndGlobalSection
	GlobalSection(SolutionProperties) = preSolution
		HideSolutionNode = FALSE
	EndGlobalSection
	GlobalSection(ExtensibilityGlobals) = postSolution
		SolutionGuid = {D988CBAD-467A-467A-8296-3CD534975587}
	EndGlobalSection
EndGlobal
